
Microsoft Visual Studio Solution File, Format Version 12.00
# Visual Studio Version 17
VisualStudioVersion = 17.3.32929.385
MinimumVisualStudioVersion = 10.0.40219.1
Project("{9A19103F-16F7-4668-BE54-9A1E7A4F7556}") = "GeometryTasks", "ClassLibraryExample\GeometryTasks.csproj", "{0057FF1F-FA62-438A-BDD6-8CECAAB10CEB}"
EndProject
Global
	GlobalSection(SolutionConfigurationPlatforms) = preSolution
		Debug|Any CPU = Debug|Any CPU
		Release|Any CPU = Release|Any CPU
	EndGlobalSection
	GlobalSection(ProjectConfigurationPlatforms) = postSolution
		{0057FF1F-FA62-438A-BDD6-8CECAAB10CEB}.Debug|Any CPU.ActiveCfg = Debug|Any CPU
		{0057FF1F-FA62-438A-BDD6-8CECAAB10CEB}.Debug|Any CPU.Build.0 = Debug|Any CPU
		{0057FF1F-FA62-438A-BDD6-8CECAAB10CEB}.Release|Any CPU.ActiveCfg = Release|Any CPU
		{0057FF1F-FA62-438A-BDD6-8CECAAB10CEB}.Release|Any CPU.Build.0 = Release|Any CPU
	EndGlobalSection
	GlobalSection(SolutionProperties) = preSolution
		HideSolutionNode = FALSE
	EndGlobalSection
	GlobalSection(ExtensibilityGlobals) = postSolution
		SolutionGuid = {F276B8D1-AC2C-488C-A49B-44833DAAE85C}
	EndGlobalSection
EndGlobal
